{
  "requires": true,
  "lockfileVersion": 1,
  "dependencies": {
    "@fullcalendar/daygrid": {
      "version": "6.1.11",
      "resolved": "https://registry.npmjs.org/@fullcalendar/daygrid/-/daygrid-6.1.11.tgz",
      "integrity": "sha512-hF5jJB7cgUIxWD5MVjj8IU407HISyLu7BWXcEIuTytkfr8oolOXeCazqnnjmRbnFOncoJQVstTtq6SIhaT32Xg=="
    },
    "@fullcalendar/react": {
      "version": "6.1.11",
      "resolved": "https://registry.npmjs.org/@fullcalendar/react/-/react-6.1.11.tgz",
      "integrity": "sha512-Og0Tv0OiglTFp+b++yRyEhAeWnAmKkMLQ3iS0eJE1KDEov6QqGkoO+dUG4x8zp2w55IJqzik/a9iHi0s3oQDbA=="
    }
  }
}
